
Microsoft Visual Studio Solution File, Format Version 12.00
# Visual Studio Version 16
VisualStudioVersion = 16.0.30114.105
MinimumVisualStudioVersion = 10.0.40219.1
Project("{FAE04EC0-301F-11D3-BF4B-00C04F79EFBC}") = "HexagonalDDD.Presentation", "Hexagonal DDD\HexagonalDDD.Presentation.csproj", "{62A0AA57-879B-4318-B178-4966F06801A3}"
EndProject
Project("{FAE04EC0-301F-11D3-BF4B-00C04F79EFBC}") = "HexagonalDDD.Application", "HexagonalDDD.Applicaion\HexagonalDDD.Application.csproj", "{BF17D82E-2BE9-4247-8304-43F0F008F808}"
EndProject
Project("{FAE04EC0-301F-11D3-BF4B-00C04F79EFBC}") = "HexagonalDDD.Domain", "HexagonalDDD.Domain\HexagonalDDD.Domain.csproj", "{5DA274EC-DE6D-40EF-B45D-7DC17686D279}"
EndProject
Project("{FAE04EC0-301F-11D3-BF4B-00C04F79EFBC}") = "HexagonalDDD.Functional.Test", "HexagonalDDD.Functional.Test\HexagonalDDD.Functional.Test.csproj", "{E863ACB0-B9C0-442A-991A-2D788BC258D6}"
EndProject
Project("{FAE04EC0-301F-11D3-BF4B-00C04F79EFBC}") = "HexagonalDDD.Infraestructure", "HexagonalDDD.Infraestructure\HexagonalDDD.Infraestructure.csproj", "{6A08428F-43A2-42BA-B083-1070ABC01189}"
EndProject
Project("{FAE04EC0-301F-11D3-BF4B-00C04F79EFBC}") = "HexagonalDDD.Infraestructure.Test", "HexagonalDDD.Infraestructure.Test\HexagonalDDD.Infraestructure.Test.csproj", "{94909C0C-FA47-48D7-9680-CEF528176628}"
EndProject
Project("{FAE04EC0-301F-11D3-BF4B-00C04F79EFBC}") = "HexagonalDDD.Unit.Test", "HexagonalDDD.Unit.Test\HexagonalDDD.Unit.Test.csproj", "{CA2F5EE1-F791-46B4-93DD-89CB34573CE3}"
EndProject
Global
	GlobalSection(SolutionConfigurationPlatforms) = preSolution
		Debug|Any CPU = Debug|Any CPU
		Debug|x64 = Debug|x64
		Debug|x86 = Debug|x86
		Release|Any CPU = Release|Any CPU
		Release|x64 = Release|x64
		Release|x86 = Release|x86
	EndGlobalSection
	GlobalSection(ProjectConfigurationPlatforms) = postSolution
		{62A0AA57-879B-4318-B178-4966F06801A3}.Debug|Any CPU.ActiveCfg = Debug|Any CPU
		{62A0AA57-879B-4318-B178-4966F06801A3}.Debug|Any CPU.Build.0 = Debug|Any CPU
		{62A0AA57-879B-4318-B178-4966F06801A3}.Debug|x64.ActiveCfg = Debug|Any CPU
		{62A0AA57-879B-4318-B178-4966F06801A3}.Debug|x64.Build.0 = Debug|Any CPU
		{62A0AA57-879B-4318-B178-4966F06801A3}.Debug|x86.ActiveCfg = Debug|Any CPU
		{62A0AA57-879B-4318-B178-4966F06801A3}.Debug|x86.Build.0 = Debug|Any CPU
		{62A0AA57-879B-4318-B178-4966F06801A3}.Release|Any CPU.ActiveCfg = Release|Any CPU
		{62A0AA57-879B-4318-B178-4966F06801A3}.Release|Any CPU.Build.0 = Release|Any CPU
		{62A0AA57-879B-4318-B178-4966F06801A3}.Release|x64.ActiveCfg = Release|Any CPU
		{62A0AA57-879B-4318-B178-4966F06801A3}.Release|x64.Build.0 = Release|Any CPU
		{62A0AA57-879B-4318-B178-4966F06801A3}.Release|x86.ActiveCfg = Release|Any CPU
		{62A0AA57-879B-4318-B178-4966F06801A3}.Release|x86.Build.0 = Release|Any CPU
		{BF17D82E-2BE9-4247-8304-43F0F008F808}.Debug|Any CPU.ActiveCfg = Debug|Any CPU
		{BF17D82E-2BE9-4247-8304-43F0F008F808}.Debug|Any CPU.Build.0 = Debug|Any CPU
		{BF17D82E-2BE9-4247-8304-43F0F008F808}.Debug|x64.ActiveCfg = Debug|Any CPU
		{BF17D82E-2BE9-4247-8304-43F0F008F808}.Debug|x64.Build.0 = Debug|Any CPU
		{BF17D82E-2BE9-4247-8304-43F0F008F808}.Debug|x86.ActiveCfg = Debug|Any CPU
		{BF17D82E-2BE9-4247-8304-43F0F008F808}.Debug|x86.Build.0 = Debug|Any CPU
		{BF17D82E-2BE9-4247-8304-43F0F008F808}.Release|Any CPU.ActiveCfg = Release|Any CPU
		{BF17D82E-2BE9-4247-8304-43F0F008F808}.Release|Any CPU.Build.0 = Release|Any CPU
		{BF17D82E-2BE9-4247-8304-43F0F008F808}.Release|x64.ActiveCfg = Release|Any CPU
		{BF17D82E-2BE9-4247-8304-43F0F008F808}.Release|x64.Build.0 = Release|Any CPU
		{BF17D82E-2BE9-4247-8304-43F0F008F808}.Release|x86.ActiveCfg = Release|Any CPU
		{BF17D82E-2BE9-4247-8304-43F0F008F808}.Release|x86.Build.0 = Release|Any CPU
		{5DA274EC-DE6D-40EF-B45D-7DC17686D279}.Debug|Any CPU.ActiveCfg = Debug|Any CPU
		{5DA274EC-DE6D-40EF-B45D-7DC17686D279}.Debug|Any CPU.Build.0 = Debug|Any CPU
		{5DA274EC-DE6D-40EF-B45D-7DC17686D279}.Debug|x64.ActiveCfg = Debug|Any CPU
		{5DA274EC-DE6D-40EF-B45D-7DC17686D279}.Debug|x64.Build.0 = Debug|Any CPU
		{5DA274EC-DE6D-40EF-B45D-7DC17686D279}.Debug|x86.ActiveCfg = Debug|Any CPU
		{5DA274EC-DE6D-40EF-B45D-7DC17686D279}.Debug|x86.Build.0 = Debug|Any CPU
		{5DA274EC-DE6D-40EF-B45D-7DC17686D279}.Release|Any CPU.ActiveCfg = Release|Any CPU
		{5DA274EC-DE6D-40EF-B45D-7DC17686D279}.Release|Any CPU.Build.0 = Release|Any CPU
		{5DA274EC-DE6D-40EF-B45D-7DC17686D279}.Release|x64.ActiveCfg = Release|Any CPU
		{5DA274EC-DE6D-40EF-B45D-7DC17686D279}.Release|x64.Build.0 = Release|Any CPU
		{5DA274EC-DE6D-40EF-B45D-7DC17686D279}.Release|x86.ActiveCfg = Release|Any CPU
		{5DA274EC-DE6D-40EF-B45D-7DC17686D279}.Release|x86.Build.0 = Release|Any CPU
		{E863ACB0-B9C0-442A-991A-2D788BC258D6}.Debug|Any CPU.ActiveCfg = Debug|Any CPU
		{E863ACB0-B9C0-442A-991A-2D788BC258D6}.Debug|Any CPU.Build.0 = Debug|Any CPU
		{E863ACB0-B9C0-442A-991A-2D788BC258D6}.Debug|x64.ActiveCfg = Debug|Any CPU
		{E863ACB0-B9C0-442A-991A-2D788BC258D6}.Debug|x64.Build.0 = Debug|Any CPU
		{E863ACB0-B9C0-442A-991A-2D788BC258D6}.Debug|x86.ActiveCfg = Debug|Any CPU
		{E863ACB0-B9C0-442A-991A-2D788BC258D6}.Debug|x86.Build.0 = Debug|Any CPU
		{E863ACB0-B9C0-442A-991A-2D788BC258D6}.Release|Any CPU.ActiveCfg = Release|Any CPU
		{E863ACB0-B9C0-442A-991A-2D788BC258D6}.Release|Any CPU.Build.0 = Release|Any CPU
		{E863ACB0-B9C0-442A-991A-2D788BC258D6}.Release|x64.ActiveCfg = Release|Any CPU
		{E863ACB0-B9C0-442A-991A-2D788BC258D6}.Release|x64.Build.0 = Release|Any CPU
		{E863ACB0-B9C0-442A-991A-2D788BC258D6}.Release|x86.ActiveCfg = Release|Any CPU
		{E863ACB0-B9C0-442A-991A-2D788BC258D6}.Release|x86.Build.0 = Release|Any CPU
		{6A08428F-43A2-42BA-B083-1070ABC01189}.Debug|Any CPU.ActiveCfg = Debug|Any CPU
		{6A08428F-43A2-42BA-B083-1070ABC01189}.Debug|Any CPU.Build.0 = Debug|Any CPU
		{6A08428F-43A2-42BA-B083-1070ABC01189}.Debug|x64.ActiveCfg = Debug|Any CPU
		{6A08428F-43A2-42BA-B083-1070ABC01189}.Debug|x64.Build.0 = Debug|Any CPU
		{6A08428F-43A2-42BA-B083-1070ABC01189}.Debug|x86.ActiveCfg = Debug|Any CPU
		{6A08428F-43A2-42BA-B083-1070ABC01189}.Debug|x86.Build.0 = Debug|Any CPU
		{6A08428F-43A2-42BA-B083-1070ABC01189}.Release|Any CPU.ActiveCfg = Release|Any CPU
		{6A08428F-43A2-42BA-B083-1070ABC01189}.Release|Any CPU.Build.0 = Release|Any CPU
		{6A08428F-43A2-42BA-B083-1070ABC01189}.Release|x64.ActiveCfg = Release|Any CPU
		{6A08428F-43A2-42BA-B083-1070ABC01189}.Release|x64.Build.0 = Release|Any CPU
		{6A08428F-43A2-42BA-B083-1070ABC01189}.Release|x86.ActiveCfg = Release|Any CPU
		{6A08428F-43A2-42BA-B083-1070ABC01189}.Release|x86.Build.0 = Release|Any CPU
		{94909C0C-FA47-48D7-9680-CEF528176628}.Debug|Any CPU.ActiveCfg = Debug|Any CPU
		{94909C0C-FA47-48D7-9680-CEF528176628}.Debug|Any CPU.Build.0 = Debug|Any CPU
		{94909C0C-FA47-48D7-9680-CEF528176628}.Debug|x64.ActiveCfg = Debug|Any CPU
		{94909C0C-FA47-48D7-9680-CEF528176628}.Debug|x64.Build.0 = Debug|Any CPU
		{94909C0C-FA47-48D7-9680-CEF528176628}.Debug|x86.ActiveCfg = Debug|Any CPU
		{94909C0C-FA47-48D7-9680-CEF528176628}.Debug|x86.Build.0 = Debug|Any CPU
		{94909C0C-FA47-48D7-9680-CEF528176628}.Release|Any CPU.ActiveCfg = Release|Any CPU
		{94909C0C-FA47-48D7-9680-CEF528176628}.Release|Any CPU.Build.0 = Release|Any CPU
		{94909C0C-FA47-48D7-9680-CEF528176628}.Release|x64.ActiveCfg = Release|Any CPU
		{94909C0C-FA47-48D7-9680-CEF528176628}.Release|x64.Build.0 = Release|Any CPU
		{94909C0C-FA47-48D7-9680-CEF528176628}.Release|x86.ActiveCfg = Release|Any CPU
		{94909C0C-FA47-48D7-9680-CEF528176628}.Release|x86.Build.0 = Release|Any CPU
		{CA2F5EE1-F791-46B4-93DD-89CB34573CE3}.Debug|Any CPU.ActiveCfg = Debug|Any CPU
		{CA2F5EE1-F791-46B4-93DD-89CB34573CE3}.Debug|Any CPU.Build.0 = Debug|Any CPU
		{CA2F5EE1-F791-46B4-93DD-89CB34573CE3}.Debug|x64.ActiveCfg = Debug|Any CPU
		{CA2F5EE1-F791-46B4-93DD-89CB34573CE3}.Debug|x64.Build.0 = Debug|Any CPU
		{CA2F5EE1-F791-46B4-93DD-89CB34573CE3}.Debug|x86.ActiveCfg = Debug|Any CPU
		{CA2F5EE1-F791-46B4-93DD-89CB34573CE3}.Debug|x86.Build.0 = Debug|Any CPU
		{CA2F5EE1-F791-46B4-93DD-89CB34573CE3}.Release|Any CPU.ActiveCfg = Release|Any CPU
		{CA2F5EE1-F791-46B4-93DD-89CB34573CE3}.Release|Any CPU.Build.0 = Release|Any CPU
		{CA2F5EE1-F791-46B4-93DD-89CB34573CE3}.Release|x64.ActiveCfg = Release|Any CPU
		{CA2F5EE1-F791-46B4-93DD-89CB34573CE3}.Release|x64.Build.0 = Release|Any CPU
		{CA2F5EE1-F791-46B4-93DD-89CB34573CE3}.Release|x86.ActiveCfg = Release|Any CPU
		{CA2F5EE1-F791-46B4-93DD-89CB34573CE3}.Release|x86.Build.0 = Release|Any CPU
	EndGlobalSection
	GlobalSection(SolutionProperties) = preSolution
		HideSolutionNode = FALSE
	EndGlobalSection
	GlobalSection(ExtensibilityGlobals) = postSolution
		SolutionGuid = {E3A7A006-B949-42F0-B30F-9BC40A600FE5}
	EndGlobalSection
EndGlobal
